
Microsoft Visual Studio Solution File, Format Version 12.00
# Visual Studio Version 16
VisualStudioVersion = 16.0.31624.102
MinimumVisualStudioVersion = 10.0.40219.1
Project("{8BC9CEB8-8B4A-11D0-8D11-00A0C91BC942}") = "07.09.2021-Task1", "07.09.2021-Task1\07.09.2021-Task1.vcxproj", "{C6F34C50-8BC1-48CA-B860-E069CE3D9065}"
EndProject
Project("{8BC9CEB8-8B4A-11D0-8D11-00A0C91BC942}") = "07.09.2021-Task2", "07.09.2021-Task2\07.09.2021-Task2.vcxproj", "{A66FBAD5-6E26-445B-B889-F4E0849DFCA3}"
EndProject
Project("{8BC9CEB8-8B4A-11D0-8D11-00A0C91BC942}") = "07.09.2021-Task3", "07.09.2021-Task3\07.09.2021-Task3.vcxproj", "{70444204-FF15-4A2D-A65F-E45D13DF2DDA}"
EndProject
Project("{8BC9CEB8-8B4A-11D0-8D11-00A0C91BC942}") = "07.09.2021-Task4", "07.09.2021-Task4\07.09.2021-Task4.vcxproj", "{11B82778-E814-42F9-8939-BB72700D3EC2}"
EndProject
Project("{8BC9CEB8-8B4A-11D0-8D11-00A0C91BC942}") = "07.09.2021-Task5", "07.09.2021-Task5\07.09.2021-Task5.vcxproj", "{0517EE87-2FEC-40FA-893B-02CFEAD92D4C}"
EndProject
Project("{8BC9CEB8-8B4A-11D0-8D11-00A0C91BC942}") = "07.09.2021-Task6", "07.09.2021-Task6\07.09.2021-Task6.vcxproj", "{535D2680-1147-443D-B48C-F1E66B8AE838}"
EndProject
Project("{8BC9CEB8-8B4A-11D0-8D11-00A0C91BC942}") = "07.09.2021-Task7", "07.09.2021-Task7\07.09.2021-Task7.vcxproj", "{08132661-EB61-403B-94CD-9F6420E0BD53}"
EndProject
Project("{8BC9CEB8-8B4A-11D0-8D11-00A0C91BC942}") = "ClassWork", "ClassWork\ClassWork.vcxproj", "{9E958A1E-B424-44E9-AE16-108F7CBA4A98}"
EndProject
Project("{8BC9CEB8-8B4A-11D0-8D11-00A0C91BC942}") = "07.09.2021-Task8", "07.09.2021-Task8\07.09.2021-Task8.vcxproj", "{9979BD3E-6985-4100-8AAF-0CE2A62099C0}"
EndProject
Project("{8BC9CEB8-8B4A-11D0-8D11-00A0C91BC942}") = "HomeWork", "HomeWork\HomeWork.vcxproj", "{9F5543D9-FBDB-4260-B6AF-DE73EB44389B}"
EndProject
Project("{8BC9CEB8-8B4A-11D0-8D11-00A0C91BC942}") = "14.09.2021-Task1", "14.09.2021-Task1\14.09.2021-Task1.vcxproj", "{72A1A106-7BBD-4EFE-94CF-A953FDAB0495}"
EndProject
Project("{8BC9CEB8-8B4A-11D0-8D11-00A0C91BC942}") = "14.09.2021-Task2", "14.09.2021-Task2\14.09.2021-Task2.vcxproj", "{634C2F10-98C1-4538-A095-E42DEBA4A5BF}"
EndProject
Project("{8BC9CEB8-8B4A-11D0-8D11-00A0C91BC942}") = "14.09.2021-Task3", "14.09.2021-Task3\14.09.2021-Task3.vcxproj", "{7A003CFD-8F72-446C-A5FD-09986C1BD3A5}"
EndProject
Project("{8BC9CEB8-8B4A-11D0-8D11-00A0C91BC942}") = "14.09.2021-Task4", "14.09.2021-Task4\14.09.2021-Task4.vcxproj", "{C99B9EC8-5AA2-48C3-BD94-9D77D0478C73}"
EndProject
Project("{8BC9CEB8-8B4A-11D0-8D11-00A0C91BC942}") = "21.09.2021-Task1", "21.09.2021-Task1\21.09.2021-Task1.vcxproj", "{F9331530-0E71-493C-86D2-DC0433515228}"
EndProject
Project("{8BC9CEB8-8B4A-11D0-8D11-00A0C91BC942}") = "TestProject", "..\TestRepository\TestProject\TestProject.vcxproj", "{8B1BC48C-3CC7-4946-AE34-0D335C881111}"
EndProject
Project("{8BC9CEB8-8B4A-11D0-8D11-00A0C91BC942}") = "21.09.2021-Task2", "21.09.2021-Task2\21.09.2021-Task2.vcxproj", "{C93E6D5B-FBF6-49CD-AC9F-E3793D80ACE0}"
EndProject
Project("{8BC9CEB8-8B4A-11D0-8D11-00A0C91BC942}") = "21.09.2021-Task3", "21.09.2021-Task3\21.09.2021-Task3.vcxproj", "{C8B66A6F-961A-4A2D-A603-EC823F1C1387}"
EndProject
Global
	GlobalSection(SolutionConfigurationPlatforms) = preSolution
		Debug|x64 = Debug|x64
		Debug|x86 = Debug|x86
		Release|x64 = Release|x64
		Release|x86 = Release|x86
	EndGlobalSection
	GlobalSection(ProjectConfigurationPlatforms) = postSolution
		{C6F34C50-8BC1-48CA-B860-E069CE3D9065}.Debug|x64.ActiveCfg = Debug|x64
		{C6F34C50-8BC1-48CA-B860-E069CE3D9065}.Debug|x64.Build.0 = Debug|x64
		{C6F34C50-8BC1-48CA-B860-E069CE3D9065}.Debug|x86.ActiveCfg = Debug|Win32
		{C6F34C50-8BC1-48CA-B860-E069CE3D9065}.Debug|x86.Build.0 = Debug|Win32
		{C6F34C50-8BC1-48CA-B860-E069CE3D9065}.Release|x64.ActiveCfg = Release|x64
		{C6F34C50-8BC1-48CA-B860-E069CE3D9065}.Release|x64.Build.0 = Release|x64
		{C6F34C50-8BC1-48CA-B860-E069CE3D9065}.Release|x86.ActiveCfg = Release|Win32
		{C6F34C50-8BC1-48CA-B860-E069CE3D9065}.Release|x86.Build.0 = Release|Win32
		{A66FBAD5-6E26-445B-B889-F4E0849DFCA3}.Debug|x64.ActiveCfg = Debug|x64
		{A66FBAD5-6E26-445B-B889-F4E0849DFCA3}.Debug|x64.Build.0 = Debug|x64
		{A66FBAD5-6E26-445B-B889-F4E0849DFCA3}.Debug|x86.ActiveCfg = Debug|Win32
		{A66FBAD5-6E26-445B-B889-F4E0849DFCA3}.Debug|x86.Build.0 = Debug|Win32
		{A66FBAD5-6E26-445B-B889-F4E0849DFCA3}.Release|x64.ActiveCfg = Release|x64
		{A66FBAD5-6E26-445B-B889-F4E0849DFCA3}.Release|x64.Build.0 = Release|x64
		{A66FBAD5-6E26-445B-B889-F4E0849DFCA3}.Release|x86.ActiveCfg = Release|Win32
		{A66FBAD5-6E26-445B-B889-F4E0849DFCA3}.Release|x86.Build.0 = Release|Win32
		{70444204-FF15-4A2D-A65F-E45D13DF2DDA}.Debug|x64.ActiveCfg = Debug|x64
		{70444204-FF15-4A2D-A65F-E45D13DF2DDA}.Debug|x64.Build.0 = Debug|x64
		{70444204-FF15-4A2D-A65F-E45D13DF2DDA}.Debug|x86.ActiveCfg = Debug|Win32
		{70444204-FF15-4A2D-A65F-E45D13DF2DDA}.Debug|x86.Build.0 = Debug|Win32
		{70444204-FF15-4A2D-A65F-E45D13DF2DDA}.Release|x64.ActiveCfg = Release|x64
		{70444204-FF15-4A2D-A65F-E45D13DF2DDA}.Release|x64.Build.0 = Release|x64
		{70444204-FF15-4A2D-A65F-E45D13DF2DDA}.Release|x86.ActiveCfg = Release|Win32
		{70444204-FF15-4A2D-A65F-E45D13DF2DDA}.Release|x86.Build.0 = Release|Win32
		{11B82778-E814-42F9-8939-BB72700D3EC2}.Debug|x64.ActiveCfg = Debug|x64
		{11B82778-E814-42F9-8939-BB72700D3EC2}.Debug|x64.Build.0 = Debug|x64
		{11B82778-E814-42F9-8939-BB72700D3EC2}.Debug|x86.ActiveCfg = Debug|Win32
		{11B82778-E814-42F9-8939-BB72700D3EC2}.Debug|x86.Build.0 = Debug|Win32
		{11B82778-E814-42F9-8939-BB72700D3EC2}.Release|x64.ActiveCfg = Release|x64
		{11B82778-E814-42F9-8939-BB72700D3EC2}.Release|x64.Build.0 = Release|x64
		{11B82778-E814-42F9-8939-BB72700D3EC2}.Release|x86.ActiveCfg = Release|Win32
		{11B82778-E814-42F9-8939-BB72700D3EC2}.Release|x86.Build.0 = Release|Win32
		{0517EE87-2FEC-40FA-893B-02CFEAD92D4C}.Debug|x64.ActiveCfg = Debug|x64
		{0517EE87-2FEC-40FA-893B-02CFEAD92D4C}.Debug|x64.Build.0 = Debug|x64
		{0517EE87-2FEC-40FA-893B-02CFEAD92D4C}.Debug|x86.ActiveCfg = Debug|Win32
		{0517EE87-2FEC-40FA-893B-02CFEAD92D4C}.Debug|x86.Build.0 = Debug|Win32
		{0517EE87-2FEC-40FA-893B-02CFEAD92D4C}.Release|x64.ActiveCfg = Release|x64
		{0517EE87-2FEC-40FA-893B-02CFEAD92D4C}.Release|x64.Build.0 = Release|x64
		{0517EE87-2FEC-40FA-893B-02CFEAD92D4C}.Release|x86.ActiveCfg = Release|Win32
		{0517EE87-2FEC-40FA-893B-02CFEAD92D4C}.Release|x86.Build.0 = Release|Win32
		{535D2680-1147-443D-B48C-F1E66B8AE838}.Debug|x64.ActiveCfg = Debug|x64
		{535D2680-1147-443D-B48C-F1E66B8AE838}.Debug|x64.Build.0 = Debug|x64
		{535D2680-1147-443D-B48C-F1E66B8AE838}.Debug|x86.ActiveCfg = Debug|Win32
		{535D2680-1147-443D-B48C-F1E66B8AE838}.Debug|x86.Build.0 = Debug|Win32
		{535D2680-1147-443D-B48C-F1E66B8AE838}.Release|x64.ActiveCfg = Release|x64
		{535D2680-1147-443D-B48C-F1E66B8AE838}.Release|x64.Build.0 = Release|x64
		{535D2680-1147-443D-B48C-F1E66B8AE838}.Release|x86.ActiveCfg = Release|Win32
		{535D2680-1147-443D-B48C-F1E66B8AE838}.Release|x86.Build.0 = Release|Win32
		{08132661-EB61-403B-94CD-9F6420E0BD53}.Debug|x64.ActiveCfg = Debug|x64
		{08132661-EB61-403B-94CD-9F6420E0BD53}.Debug|x64.Build.0 = Debug|x64
		{08132661-EB61-403B-94CD-9F6420E0BD53}.Debug|x86.ActiveCfg = Debug|Win32
		{08132661-EB61-403B-94CD-9F6420E0BD53}.Debug|x86.Build.0 = Debug|Win32
		{08132661-EB61-403B-94CD-9F6420E0BD53}.Release|x64.ActiveCfg = Release|x64
		{08132661-EB61-403B-94CD-9F6420E0BD53}.Release|x64.Build.0 = Release|x64
		{08132661-EB61-403B-94CD-9F6420E0BD53}.Release|x86.ActiveCfg = Release|Win32
		{08132661-EB61-403B-94CD-9F6420E0BD53}.Release|x86.Build.0 = Release|Win32
		{9E958A1E-B424-44E9-AE16-108F7CBA4A98}.Debug|x64.ActiveCfg = Debug|x64
		{9E958A1E-B424-44E9-AE16-108F7CBA4A98}.Debug|x64.Build.0 = Debug|x64
		{9E958A1E-B424-44E9-AE16-108F7CBA4A98}.Debug|x86.ActiveCfg = Debug|Win32
		{9E958A1E-B424-44E9-AE16-108F7CBA4A98}.Debug|x86.Build.0 = Debug|Win32
		{9E958A1E-B424-44E9-AE16-108F7CBA4A98}.Release|x64.ActiveCfg = Release|x64
		{9E958A1E-B424-44E9-AE16-108F7CBA4A98}.Release|x64.Build.0 = Release|x64
		{9E958A1E-B424-44E9-AE16-108F7CBA4A98}.Release|x86.ActiveCfg = Release|Win32
		{9E958A1E-B424-44E9-AE16-108F7CBA4A98}.Release|x86.Build.0 = Release|Win32
		{9979BD3E-6985-4100-8AAF-0CE2A62099C0}.Debug|x64.ActiveCfg = Debug|x64
		{9979BD3E-6985-4100-8AAF-0CE2A62099C0}.Debug|x64.Build.0 = Debug|x64
		{9979BD3E-6985-4100-8AAF-0CE2A62099C0}.Debug|x86.ActiveCfg = Debug|Win32
		{9979BD3E-6985-4100-8AAF-0CE2A62099C0}.Debug|x86.Build.0 = Debug|Win32
		{9979BD3E-6985-4100-8AAF-0CE2A62099C0}.Release|x64.ActiveCfg = Release|x64
		{9979BD3E-6985-4100-8AAF-0CE2A62099C0}.Release|x64.Build.0 = Release|x64
		{9979BD3E-6985-4100-8AAF-0CE2A62099C0}.Release|x86.ActiveCfg = Release|Win32
		{9979BD3E-6985-4100-8AAF-0CE2A62099C0}.Release|x86.Build.0 = Release|Win32
		{9F5543D9-FBDB-4260-B6AF-DE73EB44389B}.Debug|x64.ActiveCfg = Debug|x64
		{9F5543D9-FBDB-4260-B6AF-DE73EB44389B}.Debug|x64.Build.0 = Debug|x64
		{9F5543D9-FBDB-4260-B6AF-DE73EB44389B}.Debug|x86.ActiveCfg = Debug|Win32
		{9F5543D9-FBDB-4260-B6AF-DE73EB44389B}.Debug|x86.Build.0 = Debug|Win32
		{9F5543D9-FBDB-4260-B6AF-DE73EB44389B}.Release|x64.ActiveCfg = Release|x64
		{9F5543D9-FBDB-4260-B6AF-DE73EB44389B}.Release|x64.Build.0 = Release|x64
		{9F5543D9-FBDB-4260-B6AF-DE73EB44389B}.Release|x86.ActiveCfg = Release|Win32
		{9F5543D9-FBDB-4260-B6AF-DE73EB44389B}.Release|x86.Build.0 = Release|Win32
		{72A1A106-7BBD-4EFE-94CF-A953FDAB0495}.Debug|x64.ActiveCfg = Debug|x64
		{72A1A106-7BBD-4EFE-94CF-A953FDAB0495}.Debug|x64.Build.0 = Debug|x64
		{72A1A106-7BBD-4EFE-94CF-A953FDAB0495}.Debug|x86.ActiveCfg = Debug|Win32
		{72A1A106-7BBD-4EFE-94CF-A953FDAB0495}.Debug|x86.Build.0 = Debug|Win32
		{72A1A106-7BBD-4EFE-94CF-A953FDAB0495}.Release|x64.ActiveCfg = Release|x64
		{72A1A106-7BBD-4EFE-94CF-A953FDAB0495}.Release|x64.Build.0 = Release|x64
		{72A1A106-7BBD-4EFE-94CF-A953FDAB0495}.Release|x86.ActiveCfg = Release|Win32
		{72A1A106-7BBD-4EFE-94CF-A953FDAB0495}.Release|x86.Build.0 = Release|Win32
		{634C2F10-98C1-4538-A095-E42DEBA4A5BF}.Debug|x64.ActiveCfg = Debug|x64
		{634C2F10-98C1-4538-A095-E42DEBA4A5BF}.Debug|x64.Build.0 = Debug|x64
		{634C2F10-98C1-4538-A095-E42DEBA4A5BF}.Debug|x86.ActiveCfg = Debug|Win32
		{634C2F10-98C1-4538-A095-E42DEBA4A5BF}.Debug|x86.Build.0 = Debug|Win32
		{634C2F10-98C1-4538-A095-E42DEBA4A5BF}.Release|x64.ActiveCfg = Release|x64
		{634C2F10-98C1-4538-A095-E42DEBA4A5BF}.Release|x64.Build.0 = Release|x64
		{634C2F10-98C1-4538-A095-E42DEBA4A5BF}.Release|x86.ActiveCfg = Release|Win32
		{634C2F10-98C1-4538-A095-E42DEBA4A5BF}.Release|x86.Build.0 = Release|Win32
		{7A003CFD-8F72-446C-A5FD-09986C1BD3A5}.Debug|x64.ActiveCfg = Debug|x64
		{7A003CFD-8F72-446C-A5FD-09986C1BD3A5}.Debug|x64.Build.0 = Debug|x64
		{7A003CFD-8F72-446C-A5FD-09986C1BD3A5}.Debug|x86.ActiveCfg = Debug|Win32
		{7A003CFD-8F72-446C-A5FD-09986C1BD3A5}.Debug|x86.Build.0 = Debug|Win32
		{7A003CFD-8F72-446C-A5FD-09986C1BD3A5}.Release|x64.ActiveCfg = Release|x64
		{7A003CFD-8F72-446C-A5FD-09986C1BD3A5}.Release|x64.Build.0 = Release|x64
		{7A003CFD-8F72-446C-A5FD-09986C1BD3A5}.Release|x86.ActiveCfg = Release|Win32
		{7A003CFD-8F72-446C-A5FD-09986C1BD3A5}.Release|x86.Build.0 = Release|Win32
		{C99B9EC8-5AA2-48C3-BD94-9D77D0478C73}.Debug|x64.ActiveCfg = Debug|x64
		{C99B9EC8-5AA2-48C3-BD94-9D77D0478C73}.Debug|x64.Build.0 = Debug|x64
		{C99B9EC8-5AA2-48C3-BD94-9D77D0478C73}.Debug|x86.ActiveCfg = Debug|Win32
		{C99B9EC8-5AA2-48C3-BD94-9D77D0478C73}.Debug|x86.Build.0 = Debug|Win32
		{C99B9EC8-5AA2-48C3-BD94-9D77D0478C73}.Release|x64.ActiveCfg = Release|x64
		{C99B9EC8-5AA2-48C3-BD94-9D77D0478C73}.Release|x64.Build.0 = Release|x64
		{C99B9EC8-5AA2-48C3-BD94-9D77D0478C73}.Release|x86.ActiveCfg = Release|Win32
		{C99B9EC8-5AA2-48C3-BD94-9D77D0478C73}.Release|x86.Build.0 = Release|Win32
		{F9331530-0E71-493C-86D2-DC0433515228}.Debug|x64.ActiveCfg = Debug|x64
		{F9331530-0E71-493C-86D2-DC0433515228}.Debug|x64.Build.0 = Debug|x64
		{F9331530-0E71-493C-86D2-DC0433515228}.Debug|x86.ActiveCfg = Debug|Win32
		{F9331530-0E71-493C-86D2-DC0433515228}.Debug|x86.Build.0 = Debug|Win32
		{F9331530-0E71-493C-86D2-DC0433515228}.Release|x64.ActiveCfg = Release|x64
		{F9331530-0E71-493C-86D2-DC0433515228}.Release|x64.Build.0 = Release|x64
		{F9331530-0E71-493C-86D2-DC0433515228}.Release|x86.ActiveCfg = Release|Win32
		{F9331530-0E71-493C-86D2-DC0433515228}.Release|x86.Build.0 = Release|Win32
		{8B1BC48C-3CC7-4946-AE34-0D335C881111}.Debug|x64.ActiveCfg = Debug|x64
		{8B1BC48C-3CC7-4946-AE34-0D335C881111}.Debug|x64.Build.0 = Debug|x64
		{8B1BC48C-3CC7-4946-AE34-0D335C881111}.Debug|x86.ActiveCfg = Debug|Win32
		{8B1BC48C-3CC7-4946-AE34-0D335C881111}.Debug|x86.Build.0 = Debug|Win32
		{8B1BC48C-3CC7-4946-AE34-0D335C881111}.Release|x64.ActiveCfg = Release|x64
		{8B1BC48C-3CC7-4946-AE34-0D335C881111}.Release|x64.Build.0 = Release|x64
		{8B1BC48C-3CC7-4946-AE34-0D335C881111}.Release|x86.ActiveCfg = Release|Win32
		{8B1BC48C-3CC7-4946-AE34-0D335C881111}.Release|x86.Build.0 = Release|Win32
		{C93E6D5B-FBF6-49CD-AC9F-E3793D80ACE0}.Debug|x64.ActiveCfg = Debug|x64
		{C93E6D5B-FBF6-49CD-AC9F-E3793D80ACE0}.Debug|x64.Build.0 = Debug|x64
		{C93E6D5B-FBF6-49CD-AC9F-E3793D80ACE0}.Debug|x86.ActiveCfg = Debug|Win32
		{C93E6D5B-FBF6-49CD-AC9F-E3793D80ACE0}.Debug|x86.Build.0 = Debug|Win32
		{C93E6D5B-FBF6-49CD-AC9F-E3793D80ACE0}.Release|x64.ActiveCfg = Release|x64
		{C93E6D5B-FBF6-49CD-AC9F-E3793D80ACE0}.Release|x64.Build.0 = Release|x64
		{C93E6D5B-FBF6-49CD-AC9F-E3793D80ACE0}.Release|x86.ActiveCfg = Release|Win32
		{C93E6D5B-FBF6-49CD-AC9F-E3793D80ACE0}.Release|x86.Build.0 = Release|Win32
		{C8B66A6F-961A-4A2D-A603-EC823F1C1387}.Debug|x64.ActiveCfg = Debug|x64
		{C8B66A6F-961A-4A2D-A603-EC823F1C1387}.Debug|x64.Build.0 = Debug|x64
		{C8B66A6F-961A-4A2D-A603-EC823F1C1387}.Debug|x86.ActiveCfg = Debug|Win32
		{C8B66A6F-961A-4A2D-A603-EC823F1C1387}.Debug|x86.Build.0 = Debug|Win32
		{C8B66A6F-961A-4A2D-A603-EC823F1C1387}.Release|x64.ActiveCfg = Release|x64
		{C8B66A6F-961A-4A2D-A603-EC823F1C1387}.Release|x64.Build.0 = Release|x64
		{C8B66A6F-961A-4A2D-A603-EC823F1C1387}.Release|x86.ActiveCfg = Release|Win32
		{C8B66A6F-961A-4A2D-A603-EC823F1C1387}.Release|x86.Build.0 = Release|Win32
	EndGlobalSection
	GlobalSection(SolutionProperties) = preSolution
		HideSolutionNode = FALSE
	EndGlobalSection
	GlobalSection(ExtensibilityGlobals) = postSolution
		SolutionGuid = {46010C7D-7181-449D-9531-D2365E04EF5E}
	EndGlobalSection
EndGlobal
