
Microsoft Visual Studio Solution File, Format Version 12.00
# Visual Studio Version 16
VisualStudioVersion = 16.0.31515.178
MinimumVisualStudioVersion = 10.0.40219.1
Project("{8BC9CEB8-8B4A-11D0-8D11-00A0C91BC942}") = "19.10.2021-Task1", "19.10.2021-Task1\19.10.2021-Task1.vcxproj", "{F0E27E31-3F1A-47DF-8551-1E868DB0E89A}"
EndProject
Global
	GlobalSection(SolutionConfigurationPlatforms) = preSolution
		Debug|x64 = Debug|x64
		Debug|x86 = Debug|x86
		Release|x64 = Release|x64
		Release|x86 = Release|x86
	EndGlobalSection
	GlobalSection(ProjectConfigurationPlatforms) = postSolution
		{F0E27E31-3F1A-47DF-8551-1E868DB0E89A}.Debug|x64.ActiveCfg = Debug|x64
		{F0E27E31-3F1A-47DF-8551-1E868DB0E89A}.Debug|x64.Build.0 = Debug|x64
		{F0E27E31-3F1A-47DF-8551-1E868DB0E89A}.Debug|x86.ActiveCfg = Debug|Win32
		{F0E27E31-3F1A-47DF-8551-1E868DB0E89A}.Debug|x86.Build.0 = Debug|Win32
		{F0E27E31-3F1A-47DF-8551-1E868DB0E89A}.Release|x64.ActiveCfg = Release|x64
		{F0E27E31-3F1A-47DF-8551-1E868DB0E89A}.Release|x64.Build.0 = Release|x64
		{F0E27E31-3F1A-47DF-8551-1E868DB0E89A}.Release|x86.ActiveCfg = Release|Win32
		{F0E27E31-3F1A-47DF-8551-1E868DB0E89A}.Release|x86.Build.0 = Release|Win32
	EndGlobalSection
	GlobalSection(SolutionProperties) = preSolution
		HideSolutionNode = FALSE
	EndGlobalSection
	GlobalSection(ExtensibilityGlobals) = postSolution
		SolutionGuid = {2CBE42C8-7E08-499A-B6F9-1082C4D057D6}
	EndGlobalSection
EndGlobal
